
Microsoft Visual Studio Solution File, Format Version 12.00
# Visual Studio Version 16
VisualStudioVersion = 16.0.30907.101
MinimumVisualStudioVersion = 10.0.40219.1
Project("{9A19103F-16F7-4668-BE54-9A1E7A4F7556}") = "SilverhorseBackend", "SilverhorseBackend\SilverhorseBackend.csproj", "{CA4E4736-6E86-4E1C-A988-62D98665311B}"
EndProject
Project("{2150E333-8FDC-42A3-9474-1A3956D46DE8}") = "src", "src", "{8292FFBF-5F90-47CE-97C2-E685CA4F0260}"
EndProject
Project("{9A19103F-16F7-4668-BE54-9A1E7A4F7556}") = "SilverhorseDtos", "Dtos\SilverhorseDtos.csproj", "{5D532042-E642-49CE-ADA2-94902456C28F}"
EndProject
Project("{9A19103F-16F7-4668-BE54-9A1E7A4F7556}") = "SilverhorseServiceHelpers", "SilverhorseServiceHelpers\SilverhorseServiceHelpers.csproj", "{84C1F94F-F093-4CAF-85A0-7C627840E160}"
EndProject
Project("{FAE04EC0-301F-11D3-BF4B-00C04F79EFBC}") = "LoggerService", "LoggerService\LoggerService.csproj", "{D341D609-241F-4C48-A60C-522F416AD9C7}"
EndProject
Project("{2150E333-8FDC-42A3-9474-1A3956D46DE8}") = "Tests", "Tests", "{057397D9-25C0-4F67-9BDA-A084F435BFC8}"
EndProject
Project("{FAE04EC0-301F-11D3-BF4B-00C04F79EFBC}") = "SilverHorseBackendTests", "SilverHorseBackendTests\SilverHorseBackendTests.csproj", "{E496D7CF-4922-40AA-96CD-3EE7DF3430DD}"
EndProject
Global
	GlobalSection(SolutionConfigurationPlatforms) = preSolution
		Debug|Any CPU = Debug|Any CPU
		Release|Any CPU = Release|Any CPU
	EndGlobalSection
	GlobalSection(ProjectConfigurationPlatforms) = postSolution
		{CA4E4736-6E86-4E1C-A988-62D98665311B}.Debug|Any CPU.ActiveCfg = Debug|Any CPU
		{CA4E4736-6E86-4E1C-A988-62D98665311B}.Debug|Any CPU.Build.0 = Debug|Any CPU
		{CA4E4736-6E86-4E1C-A988-62D98665311B}.Release|Any CPU.ActiveCfg = Release|Any CPU
		{CA4E4736-6E86-4E1C-A988-62D98665311B}.Release|Any CPU.Build.0 = Release|Any CPU
		{5D532042-E642-49CE-ADA2-94902456C28F}.Debug|Any CPU.ActiveCfg = Debug|Any CPU
		{5D532042-E642-49CE-ADA2-94902456C28F}.Debug|Any CPU.Build.0 = Debug|Any CPU
		{5D532042-E642-49CE-ADA2-94902456C28F}.Release|Any CPU.ActiveCfg = Release|Any CPU
		{5D532042-E642-49CE-ADA2-94902456C28F}.Release|Any CPU.Build.0 = Release|Any CPU
		{84C1F94F-F093-4CAF-85A0-7C627840E160}.Debug|Any CPU.ActiveCfg = Debug|Any CPU
		{84C1F94F-F093-4CAF-85A0-7C627840E160}.Debug|Any CPU.Build.0 = Debug|Any CPU
		{84C1F94F-F093-4CAF-85A0-7C627840E160}.Release|Any CPU.ActiveCfg = Release|Any CPU
		{84C1F94F-F093-4CAF-85A0-7C627840E160}.Release|Any CPU.Build.0 = Release|Any CPU
		{D341D609-241F-4C48-A60C-522F416AD9C7}.Debug|Any CPU.ActiveCfg = Debug|Any CPU
		{D341D609-241F-4C48-A60C-522F416AD9C7}.Debug|Any CPU.Build.0 = Debug|Any CPU
		{D341D609-241F-4C48-A60C-522F416AD9C7}.Release|Any CPU.ActiveCfg = Release|Any CPU
		{D341D609-241F-4C48-A60C-522F416AD9C7}.Release|Any CPU.Build.0 = Release|Any CPU
		{E496D7CF-4922-40AA-96CD-3EE7DF3430DD}.Debug|Any CPU.ActiveCfg = Debug|Any CPU
		{E496D7CF-4922-40AA-96CD-3EE7DF3430DD}.Debug|Any CPU.Build.0 = Debug|Any CPU
		{E496D7CF-4922-40AA-96CD-3EE7DF3430DD}.Release|Any CPU.ActiveCfg = Release|Any CPU
		{E496D7CF-4922-40AA-96CD-3EE7DF3430DD}.Release|Any CPU.Build.0 = Release|Any CPU
	EndGlobalSection
	GlobalSection(SolutionProperties) = preSolution
		HideSolutionNode = FALSE
	EndGlobalSection
	GlobalSection(NestedProjects) = preSolution
		{CA4E4736-6E86-4E1C-A988-62D98665311B} = {8292FFBF-5F90-47CE-97C2-E685CA4F0260}
		{5D532042-E642-49CE-ADA2-94902456C28F} = {8292FFBF-5F90-47CE-97C2-E685CA4F0260}
		{84C1F94F-F093-4CAF-85A0-7C627840E160} = {8292FFBF-5F90-47CE-97C2-E685CA4F0260}
		{D341D609-241F-4C48-A60C-522F416AD9C7} = {8292FFBF-5F90-47CE-97C2-E685CA4F0260}
		{E496D7CF-4922-40AA-96CD-3EE7DF3430DD} = {057397D9-25C0-4F67-9BDA-A084F435BFC8}
	EndGlobalSection
	GlobalSection(ExtensibilityGlobals) = postSolution
		SolutionGuid = {51C8CF31-C4B1-4E1C-81B3-3261A5C63AC3}
	EndGlobalSection
EndGlobal
